
Microsoft Visual Studio Solution File, Format Version 12.00
# Visual Studio 2012
Project("{FAE04EC0-301F-11D3-BF4B-00C04F79EFBC}") = "LEONCE.OK", "LEONCE.OK\LEONCE.OK.csproj", "{EA728292-ABEC-4C5E-84B8-0C18A1E8C919}"
EndProject
Global
	GlobalSection(SolutionConfigurationPlatforms) = preSolution
		Debug|Any CPU = Debug|Any CPU
		Release|Any CPU = Release|Any CPU
	EndGlobalSection
	GlobalSection(ProjectConfigurationPlatforms) = postSolution
		{EA728292-ABEC-4C5E-84B8-0C18A1E8C919}.Debug|Any CPU.ActiveCfg = Debug|Any CPU
		{EA728292-ABEC-4C5E-84B8-0C18A1E8C919}.Debug|Any CPU.Build.0 = Debug|Any CPU
		{EA728292-ABEC-4C5E-84B8-0C18A1E8C919}.Release|Any CPU.ActiveCfg = Release|Any CPU
		{EA728292-ABEC-4C5E-84B8-0C18A1E8C919}.Release|Any CPU.Build.0 = Release|Any CPU
	EndGlobalSection
	GlobalSection(SolutionProperties) = preSolution
		HideSolutionNode = FALSE
	EndGlobalSection
EndGlobal
